
Microsoft Visual Studio Solution File, Format Version 12.00
# Visual Studio Version 17
VisualStudioVersion = 17.11.35303.130
MinimumVisualStudioVersion = 10.0.40219.1
Project("{FAE04EC0-301F-11D3-BF4B-00C04F79EFBC}") = "Ron_world_chase_tag_project", "Ron_world_chase_tag_project\Ron_world_chase_tag_project.csproj", "{3BBEB587-9926-42DA-826C-4148444A4FA6}"
EndProject
Global
	GlobalSection(SolutionConfigurationPlatforms) = preSolution
		Debug|Any CPU = Debug|Any CPU
		Release|Any CPU = Release|Any CPU
	EndGlobalSection
	GlobalSection(ProjectConfigurationPlatforms) = postSolution
		{3BBEB587-9926-42DA-826C-4148444A4FA6}.Debug|Any CPU.ActiveCfg = Debug|Any CPU
		{3BBEB587-9926-42DA-826C-4148444A4FA6}.Debug|Any CPU.Build.0 = Debug|Any CPU
		{3BBEB587-9926-42DA-826C-4148444A4FA6}.Release|Any CPU.ActiveCfg = Release|Any CPU
		{3BBEB587-9926-42DA-826C-4148444A4FA6}.Release|Any CPU.Build.0 = Release|Any CPU
	EndGlobalSection
	GlobalSection(SolutionProperties) = preSolution
		HideSolutionNode = FALSE
	EndGlobalSection
	GlobalSection(ExtensibilityGlobals) = postSolution
		SolutionGuid = {63060693-3737-4CED-A066-DA04AF325C59}
	EndGlobalSection
EndGlobal
